
Microsoft Visual Studio Solution File, Format Version 12.00
# Visual Studio Version 17
VisualStudioVersion = 17.9.34728.123
MinimumVisualStudioVersion = 10.0.40219.1
Project("{9A19103F-16F7-4668-BE54-9A1E7A4F7556}") = "CitasMedicas.UsuarioApi", "CitasMedicas.UsuarioApi\CitasMedicas.UsuarioApi.csproj", "{C1E3FAB2-9390-4A48-846B-4A4B003D8F77}"
EndProject
Global
	GlobalSection(SolutionConfigurationPlatforms) = preSolution
		Debug|Any CPU = Debug|Any CPU
		Release|Any CPU = Release|Any CPU
	EndGlobalSection
	GlobalSection(ProjectConfigurationPlatforms) = postSolution
		{C1E3FAB2-9390-4A48-846B-4A4B003D8F77}.Debug|Any CPU.ActiveCfg = Debug|Any CPU
		{C1E3FAB2-9390-4A48-846B-4A4B003D8F77}.Debug|Any CPU.Build.0 = Debug|Any CPU
		{C1E3FAB2-9390-4A48-846B-4A4B003D8F77}.Release|Any CPU.ActiveCfg = Release|Any CPU
		{C1E3FAB2-9390-4A48-846B-4A4B003D8F77}.Release|Any CPU.Build.0 = Release|Any CPU
	EndGlobalSection
	GlobalSection(SolutionProperties) = preSolution
		HideSolutionNode = FALSE
	EndGlobalSection
	GlobalSection(ExtensibilityGlobals) = postSolution
		SolutionGuid = {2196A814-2CFA-44F6-997B-84D687CA30EE}
	EndGlobalSection
EndGlobal
